
Microsoft Visual Studio Solution File, Format Version 12.00
# Visual Studio 2017
Project("{FAE04EC0-301F-11D3-BF4B-00C04F79EFBC}") = "CharacterController2D", "CharacterController2D.csproj", "{A72E4D37-2795-C687-19E3-BC05960B5908}"
EndProject
Global
	GlobalSection(SolutionConfigurationPlatforms) = preSolution
		Debug|Any CPU = Debug|Any CPU
		Release|Any CPU = Release|Any CPU
	EndGlobalSection
	GlobalSection(ProjectConfigurationPlatforms) = postSolution
		{A72E4D37-2795-C687-19E3-BC05960B5908}.Debug|Any CPU.ActiveCfg = Debug|Any CPU
		{A72E4D37-2795-C687-19E3-BC05960B5908}.Debug|Any CPU.Build.0 = Debug|Any CPU
		{A72E4D37-2795-C687-19E3-BC05960B5908}.Release|Any CPU.ActiveCfg = Release|Any CPU
		{A72E4D37-2795-C687-19E3-BC05960B5908}.Release|Any CPU.Build.0 = Release|Any CPU
	EndGlobalSection
	GlobalSection(SolutionProperties) = preSolution
		HideSolutionNode = FALSE
	EndGlobalSection
EndGlobal
